
Microsoft Visual Studio Solution File, Format Version 12.00
# Visual Studio Version 16
VisualStudioVersion = 16.0.29920.165
MinimumVisualStudioVersion = 10.0.40219.1
Project("{9A19103F-16F7-4668-BE54-9A1E7A4F7556}") = "CTeleport.AirportDistance.Api", "CTeleport.AirportDistance.Api\CTeleport.AirportDistance.Api.csproj", "{3EC73320-37AF-485B-AEE6-D57FA04A00E4}"
EndProject
Project("{9A19103F-16F7-4668-BE54-9A1E7A4F7556}") = "CTeleport.AirportDistance.Services", "CTeleport.AirportDistance.Services\CTeleport.AirportDistance.Services.csproj", "{C9226FD0-985A-4ABB-BEEB-18F2CFBC4A51}"
EndProject
Project("{FAE04EC0-301F-11D3-BF4B-00C04F79EFBC}") = "CTeleport.AirportDistance.Tests", "CTeleport.AirportDistance.Tests\CTeleport.AirportDistance.Tests.csproj", "{863BE81F-76B1-47DF-9D04-43542E92BB56}"
EndProject
Global
	GlobalSection(SolutionConfigurationPlatforms) = preSolution
		Debug|Any CPU = Debug|Any CPU
		Release|Any CPU = Release|Any CPU
	EndGlobalSection
	GlobalSection(ProjectConfigurationPlatforms) = postSolution
		{3EC73320-37AF-485B-AEE6-D57FA04A00E4}.Debug|Any CPU.ActiveCfg = Debug|Any CPU
		{3EC73320-37AF-485B-AEE6-D57FA04A00E4}.Debug|Any CPU.Build.0 = Debug|Any CPU
		{3EC73320-37AF-485B-AEE6-D57FA04A00E4}.Release|Any CPU.ActiveCfg = Release|Any CPU
		{3EC73320-37AF-485B-AEE6-D57FA04A00E4}.Release|Any CPU.Build.0 = Release|Any CPU
		{C9226FD0-985A-4ABB-BEEB-18F2CFBC4A51}.Debug|Any CPU.ActiveCfg = Debug|Any CPU
		{C9226FD0-985A-4ABB-BEEB-18F2CFBC4A51}.Debug|Any CPU.Build.0 = Debug|Any CPU
		{C9226FD0-985A-4ABB-BEEB-18F2CFBC4A51}.Release|Any CPU.ActiveCfg = Release|Any CPU
		{C9226FD0-985A-4ABB-BEEB-18F2CFBC4A51}.Release|Any CPU.Build.0 = Release|Any CPU
		{863BE81F-76B1-47DF-9D04-43542E92BB56}.Debug|Any CPU.ActiveCfg = Debug|Any CPU
		{863BE81F-76B1-47DF-9D04-43542E92BB56}.Debug|Any CPU.Build.0 = Debug|Any CPU
		{863BE81F-76B1-47DF-9D04-43542E92BB56}.Release|Any CPU.ActiveCfg = Release|Any CPU
		{863BE81F-76B1-47DF-9D04-43542E92BB56}.Release|Any CPU.Build.0 = Release|Any CPU
	EndGlobalSection
	GlobalSection(SolutionProperties) = preSolution
		HideSolutionNode = FALSE
	EndGlobalSection
	GlobalSection(ExtensibilityGlobals) = postSolution
		SolutionGuid = {DF68425B-21BD-45DC-9888-2C5C182441B3}
	EndGlobalSection
EndGlobal
